
Microsoft Visual Studio Solution File, Format Version 12.00
# Visual Studio Version 17
VisualStudioVersion = 17.9.34723.18
MinimumVisualStudioVersion = 10.0.40219.1
Project("{FAE04EC0-301F-11D3-BF4B-00C04F79EFBC}") = "QueryParameters", "QueryParameters.csproj", "{CA377C1A-505C-40E5-99F9-63D3FF4A9628}"
EndProject
Global
	GlobalSection(SolutionConfigurationPlatforms) = preSolution
		Debug|Any CPU = Debug|Any CPU
		Release|Any CPU = Release|Any CPU
	EndGlobalSection
	GlobalSection(ProjectConfigurationPlatforms) = postSolution
		{CA377C1A-505C-40E5-99F9-63D3FF4A9628}.Debug|Any CPU.ActiveCfg = Debug|Any CPU
		{CA377C1A-505C-40E5-99F9-63D3FF4A9628}.Debug|Any CPU.Build.0 = Debug|Any CPU
		{CA377C1A-505C-40E5-99F9-63D3FF4A9628}.Release|Any CPU.ActiveCfg = Release|Any CPU
		{CA377C1A-505C-40E5-99F9-63D3FF4A9628}.Release|Any CPU.Build.0 = Release|Any CPU
	EndGlobalSection
	GlobalSection(SolutionProperties) = preSolution
		HideSolutionNode = FALSE
	EndGlobalSection
	GlobalSection(ExtensibilityGlobals) = postSolution
		SolutionGuid = {5D78F23C-01F4-4611-9EE3-8CCB0A9548D9}
	EndGlobalSection
EndGlobal
